
Microsoft Visual Studio Solution File, Format Version 12.00
# Visual Studio Version 17
VisualStudioVersion = 17.3.32825.248
MinimumVisualStudioVersion = 10.0.40219.1
Project("{8BC9CEB8-8B4A-11D0-8D11-00A0C91BC942}") = "Ex07_13", "Ex07_13\Ex07_13.vcxproj", "{BBA5ED53-03E2-450C-A266-E87BFDE45429}"
EndProject
Project("{8BC9CEB8-8B4A-11D0-8D11-00A0C91BC942}") = "Ex06_50", "Ex06_50\Ex06_50.vcxproj", "{10D3C62C-D5D4-4441-A092-90C96C147B60}"
EndProject
Project("{8BC9CEB8-8B4A-11D0-8D11-00A0C91BC942}") = "Ex07_14", "Ex07_14\Ex07_14.vcxproj", "{6AF5251A-28E9-4009-9EF9-39564F312FDF}"
EndProject
Project("{8BC9CEB8-8B4A-11D0-8D11-00A0C91BC942}") = "Test", "Test\Test.vcxproj", "{9DCB8ADB-7172-45B5-96BE-8D7867E37FB2}"
EndProject
Project("{8BC9CEB8-8B4A-11D0-8D11-00A0C91BC942}") = "Ex03_13", "Ex03_13\Ex03_13.vcxproj", "{1B5CAC80-020F-4BA8-8286-02C3C4BC7105}"
EndProject
Project("{8BC9CEB8-8B4A-11D0-8D11-00A0C91BC942}") = "Ex03_15", "Ex03_15\Ex03_15.vcxproj", "{6141DABE-E4A7-4377-A61D-CCE320A5EAC4}"
EndProject
Project("{8BC9CEB8-8B4A-11D0-8D11-00A0C91BC942}") = "Ex09_04", "Ex09_04\Ex09_04.vcxproj", "{DF19AF06-0136-460C-90EE-F270F20B969F}"
EndProject
Project("{8BC9CEB8-8B4A-11D0-8D11-00A0C91BC942}") = "Ex09_07", "Ex09_07\Ex09_07.vcxproj", "{0B1AB05E-0C52-4AE9-B82C-9EDF0756DA88}"
EndProject
Project("{8BC9CEB8-8B4A-11D0-8D11-00A0C91BC942}") = "Ex09_22", "Ex09_22\Ex09_22.vcxproj", "{36F400D1-322A-424C-BCDD-77B48262A740}"
EndProject
Project("{8BC9CEB8-8B4A-11D0-8D11-00A0C91BC942}") = "Ex09_11", "Ex09_11\Ex09_11.vcxproj", "{A121835B-8242-4F17-BF82-1759F9066166}"
EndProject
Project("{8BC9CEB8-8B4A-11D0-8D11-00A0C91BC942}") = "Ex09_12", "Ex09_12\Ex09_12.vcxproj", "{E2C5F4E2-227E-42EF-9123-7D737B3FD451}"
EndProject
Project("{8BC9CEB8-8B4A-11D0-8D11-00A0C91BC942}") = "Ex10_07", "Ex10_07\Ex10_07.vcxproj", "{D9F08F0D-8ECB-4309-A29D-E26A055B10EB}"
EndProject
Project("{8BC9CEB8-8B4A-11D0-8D11-00A0C91BC942}") = "Ex10_08", "Ex10_08\Ex10_08.vcxproj", "{0ED62A48-31A4-4B53-B966-AF5824ECF86F}"
EndProject
Project("{8BC9CEB8-8B4A-11D0-8D11-00A0C91BC942}") = "Ex11_09", "Ex11_09\Ex11_09.vcxproj", "{BFECE6CC-7EE5-4A7A-BA9E-ED9079B2AA97}"
EndProject
Project("{8BC9CEB8-8B4A-11D0-8D11-00A0C91BC942}") = "Ex18_03", "Ex18_03\Ex18_03.vcxproj", "{05A3E46F-10B4-4F7B-A04C-77C0DE93EFEA}"
EndProject
Project("{8BC9CEB8-8B4A-11D0-8D11-00A0C91BC942}") = "Ex18_04", "Ex18_04\Ex18_04.vcxproj", "{7DF0C364-078F-494C-98D3-E32F7690FB26}"
EndProject
Global
	GlobalSection(SolutionConfigurationPlatforms) = preSolution
		Debug|x64 = Debug|x64
		Debug|x86 = Debug|x86
		Release|x64 = Release|x64
		Release|x86 = Release|x86
	EndGlobalSection
	GlobalSection(ProjectConfigurationPlatforms) = postSolution
		{BBA5ED53-03E2-450C-A266-E87BFDE45429}.Debug|x64.ActiveCfg = Debug|x64
		{BBA5ED53-03E2-450C-A266-E87BFDE45429}.Debug|x64.Build.0 = Debug|x64
		{BBA5ED53-03E2-450C-A266-E87BFDE45429}.Debug|x86.ActiveCfg = Debug|Win32
		{BBA5ED53-03E2-450C-A266-E87BFDE45429}.Debug|x86.Build.0 = Debug|Win32
		{BBA5ED53-03E2-450C-A266-E87BFDE45429}.Release|x64.ActiveCfg = Release|x64
		{BBA5ED53-03E2-450C-A266-E87BFDE45429}.Release|x64.Build.0 = Release|x64
		{BBA5ED53-03E2-450C-A266-E87BFDE45429}.Release|x86.ActiveCfg = Release|Win32
		{BBA5ED53-03E2-450C-A266-E87BFDE45429}.Release|x86.Build.0 = Release|Win32
		{10D3C62C-D5D4-4441-A092-90C96C147B60}.Debug|x64.ActiveCfg = Debug|x64
		{10D3C62C-D5D4-4441-A092-90C96C147B60}.Debug|x64.Build.0 = Debug|x64
		{10D3C62C-D5D4-4441-A092-90C96C147B60}.Debug|x86.ActiveCfg = Debug|Win32
		{10D3C62C-D5D4-4441-A092-90C96C147B60}.Debug|x86.Build.0 = Debug|Win32
		{10D3C62C-D5D4-4441-A092-90C96C147B60}.Release|x64.ActiveCfg = Release|x64
		{10D3C62C-D5D4-4441-A092-90C96C147B60}.Release|x64.Build.0 = Release|x64
		{10D3C62C-D5D4-4441-A092-90C96C147B60}.Release|x86.ActiveCfg = Release|Win32
		{10D3C62C-D5D4-4441-A092-90C96C147B60}.Release|x86.Build.0 = Release|Win32
		{6AF5251A-28E9-4009-9EF9-39564F312FDF}.Debug|x64.ActiveCfg = Debug|x64
		{6AF5251A-28E9-4009-9EF9-39564F312FDF}.Debug|x64.Build.0 = Debug|x64
		{6AF5251A-28E9-4009-9EF9-39564F312FDF}.Debug|x86.ActiveCfg = Debug|Win32
		{6AF5251A-28E9-4009-9EF9-39564F312FDF}.Debug|x86.Build.0 = Debug|Win32
		{6AF5251A-28E9-4009-9EF9-39564F312FDF}.Release|x64.ActiveCfg = Release|x64
		{6AF5251A-28E9-4009-9EF9-39564F312FDF}.Release|x64.Build.0 = Release|x64
		{6AF5251A-28E9-4009-9EF9-39564F312FDF}.Release|x86.ActiveCfg = Release|Win32
		{6AF5251A-28E9-4009-9EF9-39564F312FDF}.Release|x86.Build.0 = Release|Win32
		{9DCB8ADB-7172-45B5-96BE-8D7867E37FB2}.Debug|x64.ActiveCfg = Debug|x64
		{9DCB8ADB-7172-45B5-96BE-8D7867E37FB2}.Debug|x64.Build.0 = Debug|x64
		{9DCB8ADB-7172-45B5-96BE-8D7867E37FB2}.Debug|x86.ActiveCfg = Debug|Win32
		{9DCB8ADB-7172-45B5-96BE-8D7867E37FB2}.Debug|x86.Build.0 = Debug|Win32
		{9DCB8ADB-7172-45B5-96BE-8D7867E37FB2}.Release|x64.ActiveCfg = Release|x64
		{9DCB8ADB-7172-45B5-96BE-8D7867E37FB2}.Release|x64.Build.0 = Release|x64
		{9DCB8ADB-7172-45B5-96BE-8D7867E37FB2}.Release|x86.ActiveCfg = Release|Win32
		{9DCB8ADB-7172-45B5-96BE-8D7867E37FB2}.Release|x86.Build.0 = Release|Win32
		{1B5CAC80-020F-4BA8-8286-02C3C4BC7105}.Debug|x64.ActiveCfg = Debug|x64
		{1B5CAC80-020F-4BA8-8286-02C3C4BC7105}.Debug|x64.Build.0 = Debug|x64
		{1B5CAC80-020F-4BA8-8286-02C3C4BC7105}.Debug|x86.ActiveCfg = Debug|Win32
		{1B5CAC80-020F-4BA8-8286-02C3C4BC7105}.Debug|x86.Build.0 = Debug|Win32
		{1B5CAC80-020F-4BA8-8286-02C3C4BC7105}.Release|x64.ActiveCfg = Release|x64
		{1B5CAC80-020F-4BA8-8286-02C3C4BC7105}.Release|x64.Build.0 = Release|x64
		{1B5CAC80-020F-4BA8-8286-02C3C4BC7105}.Release|x86.ActiveCfg = Release|Win32
		{1B5CAC80-020F-4BA8-8286-02C3C4BC7105}.Release|x86.Build.0 = Release|Win32
		{6141DABE-E4A7-4377-A61D-CCE320A5EAC4}.Debug|x64.ActiveCfg = Debug|x64
		{6141DABE-E4A7-4377-A61D-CCE320A5EAC4}.Debug|x64.Build.0 = Debug|x64
		{6141DABE-E4A7-4377-A61D-CCE320A5EAC4}.Debug|x86.ActiveCfg = Debug|Win32
		{6141DABE-E4A7-4377-A61D-CCE320A5EAC4}.Debug|x86.Build.0 = Debug|Win32
		{6141DABE-E4A7-4377-A61D-CCE320A5EAC4}.Release|x64.ActiveCfg = Release|x64
		{6141DABE-E4A7-4377-A61D-CCE320A5EAC4}.Release|x64.Build.0 = Release|x64
		{6141DABE-E4A7-4377-A61D-CCE320A5EAC4}.Release|x86.ActiveCfg = Release|Win32
		{6141DABE-E4A7-4377-A61D-CCE320A5EAC4}.Release|x86.Build.0 = Release|Win32
		{DF19AF06-0136-460C-90EE-F270F20B969F}.Debug|x64.ActiveCfg = Debug|x64
		{DF19AF06-0136-460C-90EE-F270F20B969F}.Debug|x64.Build.0 = Debug|x64
		{DF19AF06-0136-460C-90EE-F270F20B969F}.Debug|x86.ActiveCfg = Debug|Win32
		{DF19AF06-0136-460C-90EE-F270F20B969F}.Debug|x86.Build.0 = Debug|Win32
		{DF19AF06-0136-460C-90EE-F270F20B969F}.Release|x64.ActiveCfg = Release|x64
		{DF19AF06-0136-460C-90EE-F270F20B969F}.Release|x64.Build.0 = Release|x64
		{DF19AF06-0136-460C-90EE-F270F20B969F}.Release|x86.ActiveCfg = Release|Win32
		{DF19AF06-0136-460C-90EE-F270F20B969F}.Release|x86.Build.0 = Release|Win32
		{0B1AB05E-0C52-4AE9-B82C-9EDF0756DA88}.Debug|x64.ActiveCfg = Debug|x64
		{0B1AB05E-0C52-4AE9-B82C-9EDF0756DA88}.Debug|x64.Build.0 = Debug|x64
		{0B1AB05E-0C52-4AE9-B82C-9EDF0756DA88}.Debug|x86.ActiveCfg = Debug|Win32
		{0B1AB05E-0C52-4AE9-B82C-9EDF0756DA88}.Debug|x86.Build.0 = Debug|Win32
		{0B1AB05E-0C52-4AE9-B82C-9EDF0756DA88}.Release|x64.ActiveCfg = Release|x64
		{0B1AB05E-0C52-4AE9-B82C-9EDF0756DA88}.Release|x64.Build.0 = Release|x64
		{0B1AB05E-0C52-4AE9-B82C-9EDF0756DA88}.Release|x86.ActiveCfg = Release|Win32
		{0B1AB05E-0C52-4AE9-B82C-9EDF0756DA88}.Release|x86.Build.0 = Release|Win32
		{36F400D1-322A-424C-BCDD-77B48262A740}.Debug|x64.ActiveCfg = Debug|x64
		{36F400D1-322A-424C-BCDD-77B48262A740}.Debug|x64.Build.0 = Debug|x64
		{36F400D1-322A-424C-BCDD-77B48262A740}.Debug|x86.ActiveCfg = Debug|Win32
		{36F400D1-322A-424C-BCDD-77B48262A740}.Debug|x86.Build.0 = Debug|Win32
		{36F400D1-322A-424C-BCDD-77B48262A740}.Release|x64.ActiveCfg = Release|x64
		{36F400D1-322A-424C-BCDD-77B48262A740}.Release|x64.Build.0 = Release|x64
		{36F400D1-322A-424C-BCDD-77B48262A740}.Release|x86.ActiveCfg = Release|Win32
		{36F400D1-322A-424C-BCDD-77B48262A740}.Release|x86.Build.0 = Release|Win32
		{A121835B-8242-4F17-BF82-1759F9066166}.Debug|x64.ActiveCfg = Debug|x64
		{A121835B-8242-4F17-BF82-1759F9066166}.Debug|x64.Build.0 = Debug|x64
		{A121835B-8242-4F17-BF82-1759F9066166}.Debug|x86.ActiveCfg = Debug|Win32
		{A121835B-8242-4F17-BF82-1759F9066166}.Debug|x86.Build.0 = Debug|Win32
		{A121835B-8242-4F17-BF82-1759F9066166}.Release|x64.ActiveCfg = Release|x64
		{A121835B-8242-4F17-BF82-1759F9066166}.Release|x64.Build.0 = Release|x64
		{A121835B-8242-4F17-BF82-1759F9066166}.Release|x86.ActiveCfg = Release|Win32
		{A121835B-8242-4F17-BF82-1759F9066166}.Release|x86.Build.0 = Release|Win32
		{E2C5F4E2-227E-42EF-9123-7D737B3FD451}.Debug|x64.ActiveCfg = Debug|x64
		{E2C5F4E2-227E-42EF-9123-7D737B3FD451}.Debug|x64.Build.0 = Debug|x64
		{E2C5F4E2-227E-42EF-9123-7D737B3FD451}.Debug|x86.ActiveCfg = Debug|Win32
		{E2C5F4E2-227E-42EF-9123-7D737B3FD451}.Debug|x86.Build.0 = Debug|Win32
		{E2C5F4E2-227E-42EF-9123-7D737B3FD451}.Release|x64.ActiveCfg = Release|x64
		{E2C5F4E2-227E-42EF-9123-7D737B3FD451}.Release|x64.Build.0 = Release|x64
		{E2C5F4E2-227E-42EF-9123-7D737B3FD451}.Release|x86.ActiveCfg = Release|Win32
		{E2C5F4E2-227E-42EF-9123-7D737B3FD451}.Release|x86.Build.0 = Release|Win32
		{D9F08F0D-8ECB-4309-A29D-E26A055B10EB}.Debug|x64.ActiveCfg = Debug|x64
		{D9F08F0D-8ECB-4309-A29D-E26A055B10EB}.Debug|x64.Build.0 = Debug|x64
		{D9F08F0D-8ECB-4309-A29D-E26A055B10EB}.Debug|x86.ActiveCfg = Debug|Win32
		{D9F08F0D-8ECB-4309-A29D-E26A055B10EB}.Debug|x86.Build.0 = Debug|Win32
		{D9F08F0D-8ECB-4309-A29D-E26A055B10EB}.Release|x64.ActiveCfg = Release|x64
		{D9F08F0D-8ECB-4309-A29D-E26A055B10EB}.Release|x64.Build.0 = Release|x64
		{D9F08F0D-8ECB-4309-A29D-E26A055B10EB}.Release|x86.ActiveCfg = Release|Win32
		{D9F08F0D-8ECB-4309-A29D-E26A055B10EB}.Release|x86.Build.0 = Release|Win32
		{0ED62A48-31A4-4B53-B966-AF5824ECF86F}.Debug|x64.ActiveCfg = Debug|x64
		{0ED62A48-31A4-4B53-B966-AF5824ECF86F}.Debug|x64.Build.0 = Debug|x64
		{0ED62A48-31A4-4B53-B966-AF5824ECF86F}.Debug|x86.ActiveCfg = Debug|Win32
		{0ED62A48-31A4-4B53-B966-AF5824ECF86F}.Debug|x86.Build.0 = Debug|Win32
		{0ED62A48-31A4-4B53-B966-AF5824ECF86F}.Release|x64.ActiveCfg = Release|x64
		{0ED62A48-31A4-4B53-B966-AF5824ECF86F}.Release|x64.Build.0 = Release|x64
		{0ED62A48-31A4-4B53-B966-AF5824ECF86F}.Release|x86.ActiveCfg = Release|Win32
		{0ED62A48-31A4-4B53-B966-AF5824ECF86F}.Release|x86.Build.0 = Release|Win32
		{BFECE6CC-7EE5-4A7A-BA9E-ED9079B2AA97}.Debug|x64.ActiveCfg = Debug|x64
		{BFECE6CC-7EE5-4A7A-BA9E-ED9079B2AA97}.Debug|x64.Build.0 = Debug|x64
		{BFECE6CC-7EE5-4A7A-BA9E-ED9079B2AA97}.Debug|x86.ActiveCfg = Debug|Win32
		{BFECE6CC-7EE5-4A7A-BA9E-ED9079B2AA97}.Debug|x86.Build.0 = Debug|Win32
		{BFECE6CC-7EE5-4A7A-BA9E-ED9079B2AA97}.Release|x64.ActiveCfg = Release|x64
		{BFECE6CC-7EE5-4A7A-BA9E-ED9079B2AA97}.Release|x64.Build.0 = Release|x64
		{BFECE6CC-7EE5-4A7A-BA9E-ED9079B2AA97}.Release|x86.ActiveCfg = Release|Win32
		{BFECE6CC-7EE5-4A7A-BA9E-ED9079B2AA97}.Release|x86.Build.0 = Release|Win32
		{05A3E46F-10B4-4F7B-A04C-77C0DE93EFEA}.Debug|x64.ActiveCfg = Debug|x64
		{05A3E46F-10B4-4F7B-A04C-77C0DE93EFEA}.Debug|x64.Build.0 = Debug|x64
		{05A3E46F-10B4-4F7B-A04C-77C0DE93EFEA}.Debug|x86.ActiveCfg = Debug|Win32
		{05A3E46F-10B4-4F7B-A04C-77C0DE93EFEA}.Debug|x86.Build.0 = Debug|Win32
		{05A3E46F-10B4-4F7B-A04C-77C0DE93EFEA}.Release|x64.ActiveCfg = Release|x64
		{05A3E46F-10B4-4F7B-A04C-77C0DE93EFEA}.Release|x64.Build.0 = Release|x64
		{05A3E46F-10B4-4F7B-A04C-77C0DE93EFEA}.Release|x86.ActiveCfg = Release|Win32
		{05A3E46F-10B4-4F7B-A04C-77C0DE93EFEA}.Release|x86.Build.0 = Release|Win32
		{7DF0C364-078F-494C-98D3-E32F7690FB26}.Debug|x64.ActiveCfg = Debug|x64
		{7DF0C364-078F-494C-98D3-E32F7690FB26}.Debug|x64.Build.0 = Debug|x64
		{7DF0C364-078F-494C-98D3-E32F7690FB26}.Debug|x86.ActiveCfg = Debug|Win32
		{7DF0C364-078F-494C-98D3-E32F7690FB26}.Debug|x86.Build.0 = Debug|Win32
		{7DF0C364-078F-494C-98D3-E32F7690FB26}.Release|x64.ActiveCfg = Release|x64
		{7DF0C364-078F-494C-98D3-E32F7690FB26}.Release|x64.Build.0 = Release|x64
		{7DF0C364-078F-494C-98D3-E32F7690FB26}.Release|x86.ActiveCfg = Release|Win32
		{7DF0C364-078F-494C-98D3-E32F7690FB26}.Release|x86.Build.0 = Release|Win32
	EndGlobalSection
	GlobalSection(SolutionProperties) = preSolution
		HideSolutionNode = FALSE
	EndGlobalSection
	GlobalSection(ExtensibilityGlobals) = postSolution
		SolutionGuid = {3F8EA0DD-7D5E-4F52-BF4D-E515CFF23B13}
	EndGlobalSection
EndGlobal
